// !$*UTF8*$!
{
	archiveVersion = 1;
	classes = {
	};
	objectVersion = 50;
	objects = {

/* Begin PBXBuildFile section */
		AE1F142524B1AA110043F7E4 /* Interface.storyboard in Resources */ = {isa = PBXBuildFile; fileRef = AE1F142324B1AA110043F7E4 /* Interface.storyboard */; };
		AE1F142724B1AA130043F7E4 /* Assets.xcassets in Resources */ = {isa = PBXBuildFile; fileRef = AE1F142624B1AA130043F7E4 /* Assets.xcassets */; };
		AE1F142E24B1AA130043F7E4 /* SleepKitforWatch Extension.appex in Embed App Extensions */ = {isa = PBXBuildFile; fileRef = AE1F142D24B1AA130043F7E4 /* SleepKitforWatch Extension.appex */; settings = {ATTRIBUTES = (RemoveHeadersOnCopy, ); }; };
		AE1F143324B1AA130043F7E4 /* HostingController.swift in Sources */ = {isa = PBXBuildFile; fileRef = AE1F143224B1AA130043F7E4 /* HostingController.swift */; };
		AE1F143524B1AA130043F7E4 /* ContentView.swift in Sources */ = {isa = PBXBuildFile; fileRef = AE1F143424B1AA130043F7E4 /* ContentView.swift */; };
		AE1F143724B1AA130043F7E4 /* ExtensionDelegate.swift in Sources */ = {isa = PBXBuildFile; fileRef = AE1F143624B1AA130043F7E4 /* ExtensionDelegate.swift */; };
		AE1F143924B1AA130043F7E4 /* NotificationController.swift in Sources */ = {isa = PBXBuildFile; fileRef = AE1F143824B1AA130043F7E4 /* NotificationController.swift */; };
		AE1F143B24B1AA130043F7E4 /* NotificationView.swift in Sources */ = {isa = PBXBuildFile; fileRef = AE1F143A24B1AA130043F7E4 /* NotificationView.swift */; };
		AE1F143D24B1AA130043F7E4 /* ComplicationController.swift in Sources */ = {isa = PBXBuildFile; fileRef = AE1F143C24B1AA130043F7E4 /* ComplicationController.swift */; };
		AE1F143F24B1AA140043F7E4 /* Assets.xcassets in Resources */ = {isa = PBXBuildFile; fileRef = AE1F143E24B1AA140043F7E4 /* Assets.xcassets */; };
		AE1F144224B1AA140043F7E4 /* Preview Assets.xcassets in Resources */ = {isa = PBXBuildFile; fileRef = AE1F144124B1AA140043F7E4 /* Preview Assets.xcassets */; };
		AE1F144724B1AA140043F7E4 /* SleepKitforWatch.app in Embed Watch Content */ = {isa = PBXBuildFile; fileRef = AE1F142124B1AA110043F7E4 /* SleepKitforWatch.app */; settings = {ATTRIBUTES = (RemoveHeadersOnCopy, ); }; };
		AE4B70BC24A725D700123B68 /* HealthKit.framework in Frameworks */ = {isa = PBXBuildFile; fileRef = AE4B70BB24A725D700123B68 /* HealthKit.framework */; };
		AE4B70C324AB65E300123B68 /* WidgetKit.framework in Frameworks */ = {isa = PBXBuildFile; fileRef = AE4B70C224AB65E300123B68 /* WidgetKit.framework */; };
		AE4B70C524AB65E300123B68 /* SwiftUI.framework in Frameworks */ = {isa = PBXBuildFile; fileRef = AE4B70C424AB65E300123B68 /* SwiftUI.framework */; };
		AE4B70C824AB65E300123B68 /* SleepKitProtoWidget.swift in Sources */ = {isa = PBXBuildFile; fileRef = AE4B70C724AB65E300123B68 /* SleepKitProtoWidget.swift */; };
		AE4B70CB24AB65E500123B68 /* Assets.xcassets in Resources */ = {isa = PBXBuildFile; fileRef = AE4B70CA24AB65E500123B68 /* Assets.xcassets */; };
		AE4B70CD24AB65E500123B68 /* SleepKitProtoWidget.intentdefinition in Sources */ = {isa = PBXBuildFile; fileRef = AE4B70C924AB65E300123B68 /* SleepKitProtoWidget.intentdefinition */; };
		AE4B70CE24AB65E500123B68 /* SleepKitProtoWidget.intentdefinition in Sources */ = {isa = PBXBuildFile; fileRef = AE4B70C924AB65E300123B68 /* SleepKitProtoWidget.intentdefinition */; };
		AE4B70D124AB65E500123B68 /* SleepKitProtoWidgetExtension.appex in Embed App Extensions */ = {isa = PBXBuildFile; fileRef = AE4B70C124AB65E300123B68 /* SleepKitProtoWidgetExtension.appex */; settings = {ATTRIBUTES = (RemoveHeadersOnCopy, ); }; };
		AE4B70D724AB65F500123B68 /* HealthKit.framework in Frameworks */ = {isa = PBXBuildFile; fileRef = AE4B70BB24A725D700123B68 /* HealthKit.framework */; };
		AE59C41224A6394D009EA72D /* AppDelegate.swift in Sources */ = {isa = PBXBuildFile; fileRef = AE59C41124A6394D009EA72D /* AppDelegate.swift */; };
		AE59C41424A6394D009EA72D /* SceneDelegate.swift in Sources */ = {isa = PBXBuildFile; fileRef = AE59C41324A6394D009EA72D /* SceneDelegate.swift */; };
		AE59C41624A6394D009EA72D /* ContentView.swift in Sources */ = {isa = PBXBuildFile; fileRef = AE59C41524A6394D009EA72D /* ContentView.swift */; };
		AE59C41824A63952009EA72D /* Assets.xcassets in Resources */ = {isa = PBXBuildFile; fileRef = AE59C41724A63952009EA72D /* Assets.xcassets */; };
		AE59C41B24A63952009EA72D /* Preview Assets.xcassets in Resources */ = {isa = PBXBuildFile; fileRef = AE59C41A24A63952009EA72D /* Preview Assets.xcassets */; };
		AE59C41E24A63952009EA72D /* LaunchScreen.storyboard in Resources */ = {isa = PBXBuildFile; fileRef = AE59C41C24A63952009EA72D /* LaunchScreen.storyboard */; };
		AE5E26BD24ACB6F4002B1156 /* ProgressView.swift in Sources */ = {isa = PBXBuildFile; fileRef = AE5E26BC24ACB6F4002B1156 /* ProgressView.swift */; };
		AE5E26BE24ACB6F4002B1156 /* ProgressView.swift in Sources */ = {isa = PBXBuildFile; fileRef = AE5E26BC24ACB6F4002B1156 /* ProgressView.swift */; };
		AEB65D3B24B04887005A6975 /* SleepKitLib.swift in Sources */ = {isa = PBXBuildFile; fileRef = AEB65D3A24B04887005A6975 /* SleepKitLib.swift */; };
		AEB65D3F24B0490F005A6975 /* LocalKeys.swift in Sources */ = {isa = PBXBuildFile; fileRef = AEB65D3E24B0490F005A6975 /* LocalKeys.swift */; };
		AEB65D4024B0490F005A6975 /* LocalKeys.swift in Sources */ = {isa = PBXBuildFile; fileRef = AEB65D3E24B0490F005A6975 /* LocalKeys.swift */; };
		AEB65D4624B04E00005A6975 /* ListItem.swift in Sources */ = {isa = PBXBuildFile; fileRef = AEB65D4524B04E00005A6975 /* ListItem.swift */; };
		AEB65D4724B04E00005A6975 /* ListItem.swift in Sources */ = {isa = PBXBuildFile; fileRef = AEB65D4524B04E00005A6975 /* ListItem.swift */; };
		AEB65D4C24B06BBF005A6975 /* SleepKitStruct.swift in Sources */ = {isa = PBXBuildFile; fileRef = AEB65D4B24B06BBF005A6975 /* SleepKitStruct.swift */; };
		AEB65D4D24B06BBF005A6975 /* SleepKitStruct.swift in Sources */ = {isa = PBXBuildFile; fileRef = AEB65D4B24B06BBF005A6975 /* SleepKitStruct.swift */; };
		AEC31D2B24B1AB7300E5919B /* SleepKitLib.swift in Sources */ = {isa = PBXBuildFile; fileRef = AEB65D3A24B04887005A6975 /* SleepKitLib.swift */; };
		AEC31D2C24B1AB7A00E5919B /* SleepKitLib.swift in Sources */ = {isa = PBXBuildFile; fileRef = AEB65D3A24B04887005A6975 /* SleepKitLib.swift */; };
		AEC31D2D24B1ABBD00E5919B /* ListItem.swift in Sources */ = {isa = PBXBuildFile; fileRef = AEB65D4524B04E00005A6975 /* ListItem.swift */; };
		AEC31D2E24B1ABC000E5919B /* ProgressView.swift in Sources */ = {isa = PBXBuildFile; fileRef = AE5E26BC24ACB6F4002B1156 /* ProgressView.swift */; };
		AEC31D2F24B1ABC600E5919B /* SleepKitStruct.swift in Sources */ = {isa = PBXBuildFile; fileRef = AEB65D4B24B06BBF005A6975 /* SleepKitStruct.swift */; };
		AEC31D3024B1ABC900E5919B /* LocalKeys.swift in Sources */ = {isa = PBXBuildFile; fileRef = AEB65D3E24B0490F005A6975 /* LocalKeys.swift */; };
		AEC31D3324B1AC9300E5919B /* HealthKit.framework in Frameworks */ = {isa = PBXBuildFile; fileRef = AEB65D4324B049CC005A6975 /* HealthKit.framework */; };
/* End PBXBuildFile section */

/* Begin PBXContainerItemProxy section */
		AE1F142F24B1AA130043F7E4 /* PBXContainerItemProxy */ = {
			isa = PBXContainerItemProxy;
			containerPortal = AE59C40624A6394D009EA72D /* Project object */;
			proxyType = 1;
			remoteGlobalIDString = AE1F142C24B1AA130043F7E4;
			remoteInfo = "SleepKitforWatch Extension";
		};
		AE1F144524B1AA140043F7E4 /* PBXContainerItemProxy */ = {
			isa = PBXContainerItemProxy;
			containerPortal = AE59C40624A6394D009EA72D /* Project object */;
			proxyType = 1;
			remoteGlobalIDString = AE1F142024B1AA110043F7E4;
			remoteInfo = SleepKitforWatch;
		};
		AE4B70CF24AB65E500123B68 /* PBXContainerItemProxy */ = {
			isa = PBXContainerItemProxy;
			containerPortal = AE59C40624A6394D009EA72D /* Project object */;
			proxyType = 1;
			remoteGlobalIDString = AE4B70C024AB65E300123B68;
			remoteInfo = SleepKitProtoWidgetExtension;
		};
/* End PBXContainerItemProxy section */

/* Begin PBXCopyFilesBuildPhase section */
		AE1F141724B1A8340043F7E4 /* Embed Watch Content */ = {
			isa = PBXCopyFilesBuildPhase;
			buildActionMask = 2147483647;
			dstPath = "$(CONTENTS_FOLDER_PATH)/Watch";
			dstSubfolderSpec = 16;
			files = (
				AE1F144724B1AA140043F7E4 /* SleepKitforWatch.app in Embed Watch Content */,
			);
			name = "Embed Watch Content";
			runOnlyForDeploymentPostprocessing = 0;
		};
		AE1F144B24B1AA150043F7E4 /* Embed App Extensions */ = {
			isa = PBXCopyFilesBuildPhase;
			buildActionMask = 2147483647;
			dstPath = "";
			dstSubfolderSpec = 13;
			files = (
				AE1F142E24B1AA130043F7E4 /* SleepKitforWatch Extension.appex in Embed App Extensions */,
			);
			name = "Embed App Extensions";
			runOnlyForDeploymentPostprocessing = 0;
		};
		AE4B70D524AB65E500123B68 /* Embed App Extensions */ = {
			isa = PBXCopyFilesBuildPhase;
			buildActionMask = 2147483647;
			dstPath = "";
			dstSubfolderSpec = 13;
			files = (
				AE4B70D124AB65E500123B68 /* SleepKitProtoWidgetExtension.appex in Embed App Extensions */,
			);
			name = "Embed App Extensions";
			runOnlyForDeploymentPostprocessing = 0;
		};
/* End PBXCopyFilesBuildPhase section */

/* Begin PBXFileReference section */
		AE1F142124B1AA110043F7E4 /* SleepKitforWatch.app */ = {isa = PBXFileReference; explicitFileType = wrapper.application; includeInIndex = 0; path = SleepKitforWatch.app; sourceTree = BUILT_PRODUCTS_DIR; };
		AE1F142424B1AA110043F7E4 /* Base */ = {isa = PBXFileReference; lastKnownFileType = file.storyboard; name = Base; path = Base.lproj/Interface.storyboard; sourceTree = "<group>"; };
		AE1F142624B1AA130043F7E4 /* Assets.xcassets */ = {isa = PBXFileReference; lastKnownFileType = folder.assetcatalog; path = Assets.xcassets; sourceTree = "<group>"; };
		AE1F142824B1AA130043F7E4 /* Info.plist */ = {isa = PBXFileReference; lastKnownFileType = text.plist.xml; path = Info.plist; sourceTree = "<group>"; };
		AE1F142D24B1AA130043F7E4 /* SleepKitforWatch Extension.appex */ = {isa = PBXFileReference; explicitFileType = "wrapper.app-extension"; includeInIndex = 0; path = "SleepKitforWatch Extension.appex"; sourceTree = BUILT_PRODUCTS_DIR; };
		AE1F143224B1AA130043F7E4 /* HostingController.swift */ = {isa = PBXFileReference; lastKnownFileType = sourcecode.swift; path = HostingController.swift; sourceTree = "<group>"; };
		AE1F143424B1AA130043F7E4 /* ContentView.swift */ = {isa = PBXFileReference; lastKnownFileType = sourcecode.swift; path = ContentView.swift; sourceTree = "<group>"; };
		AE1F143624B1AA130043F7E4 /* ExtensionDelegate.swift */ = {isa = PBXFileReference; lastKnownFileType = sourcecode.swift; path = ExtensionDelegate.swift; sourceTree = "<group>"; };
		AE1F143824B1AA130043F7E4 /* NotificationController.swift */ = {isa = PBXFileReference; lastKnownFileType = sourcecode.swift; path = NotificationController.swift; sourceTree = "<group>"; };
		AE1F143A24B1AA130043F7E4 /* NotificationView.swift */ = {isa = PBXFileReference; lastKnownFileType = sourcecode.swift; path = NotificationView.swift; sourceTree = "<group>"; };
		AE1F143C24B1AA130043F7E4 /* ComplicationController.swift */ = {isa = PBXFileReference; lastKnownFileType = sourcecode.swift; path = ComplicationController.swift; sourceTree = "<group>"; };
		AE1F143E24B1AA140043F7E4 /* Assets.xcassets */ = {isa = PBXFileReference; lastKnownFileType = folder.assetcatalog; path = Assets.xcassets; sourceTree = "<group>"; };
		AE1F144124B1AA140043F7E4 /* Preview Assets.xcassets */ = {isa = PBXFileReference; lastKnownFileType = folder.assetcatalog; path = "Preview Assets.xcassets"; sourceTree = "<group>"; };
		AE1F144324B1AA140043F7E4 /* Info.plist */ = {isa = PBXFileReference; lastKnownFileType = text.plist.xml; path = Info.plist; sourceTree = "<group>"; };
		AE1F144424B1AA140043F7E4 /* PushNotificationPayload.apns */ = {isa = PBXFileReference; lastKnownFileType = text; path = PushNotificationPayload.apns; sourceTree = "<group>"; };
		AE4B70B924A725D700123B68 /* SleepKitProto.entitlements */ = {isa = PBXFileReference; lastKnownFileType = text.plist.entitlements; path = SleepKitProto.entitlements; sourceTree = "<group>"; };
		AE4B70BB24A725D700123B68 /* HealthKit.framework */ = {isa = PBXFileReference; lastKnownFileType = wrapper.framework; name = HealthKit.framework; path = System/Library/Frameworks/HealthKit.framework; sourceTree = SDKROOT; };
		AE4B70C124AB65E300123B68 /* SleepKitProtoWidgetExtension.appex */ = {isa = PBXFileReference; explicitFileType = "wrapper.app-extension"; includeInIndex = 0; path = SleepKitProtoWidgetExtension.appex; sourceTree = BUILT_PRODUCTS_DIR; };
		AE4B70C224AB65E300123B68 /* WidgetKit.framework */ = {isa = PBXFileReference; lastKnownFileType = wrapper.framework; name = WidgetKit.framework; path = System/Library/Frameworks/WidgetKit.framework; sourceTree = SDKROOT; };
		AE4B70C424AB65E300123B68 /* SwiftUI.framework */ = {isa = PBXFileReference; lastKnownFileType = wrapper.framework; name = SwiftUI.framework; path = System/Library/Frameworks/SwiftUI.framework; sourceTree = SDKROOT; };
		AE4B70C724AB65E300123B68 /* SleepKitProtoWidget.swift */ = {isa = PBXFileReference; lastKnownFileType = sourcecode.swift; path = SleepKitProtoWidget.swift; sourceTree = "<group>"; };
		AE4B70C924AB65E300123B68 /* SleepKitProtoWidget.intentdefinition */ = {isa = PBXFileReference; lastKnownFileType = file.intentdefinition; path = SleepKitProtoWidget.intentdefinition; sourceTree = "<group>"; };
		AE4B70CA24AB65E500123B68 /* Assets.xcassets */ = {isa = PBXFileReference; lastKnownFileType = folder.assetcatalog; path = Assets.xcassets; sourceTree = "<group>"; };
		AE4B70CC24AB65E500123B68 /* Info.plist */ = {isa = PBXFileReference; lastKnownFileType = text.plist.xml; path = Info.plist; sourceTree = "<group>"; };
		AE4B70D624AB65F500123B68 /* SleepKitProtoWidgetExtension.entitlements */ = {isa = PBXFileReference; lastKnownFileType = text.plist.entitlements; path = SleepKitProtoWidgetExtension.entitlements; sourceTree = "<group>"; };
		AE59C40E24A6394D009EA72D /* SleepKitProto.app */ = {isa = PBXFileReference; explicitFileType = wrapper.application; includeInIndex = 0; path = SleepKitProto.app; sourceTree = BUILT_PRODUCTS_DIR; };
		AE59C41124A6394D009EA72D /* AppDelegate.swift */ = {isa = PBXFileReference; lastKnownFileType = sourcecode.swift; path = AppDelegate.swift; sourceTree = "<group>"; };
		AE59C41324A6394D009EA72D /* SceneDelegate.swift */ = {isa = PBXFileReference; lastKnownFileType = sourcecode.swift; path = SceneDelegate.swift; sourceTree = "<group>"; };
		AE59C41524A6394D009EA72D /* ContentView.swift */ = {isa = PBXFileReference; lastKnownFileType = sourcecode.swift; path = ContentView.swift; sourceTree = "<group>"; };
		AE59C41724A63952009EA72D /* Assets.xcassets */ = {isa = PBXFileReference; lastKnownFileType = folder.assetcatalog; path = Assets.xcassets; sourceTree = "<group>"; };
		AE59C41A24A63952009EA72D /* Preview Assets.xcassets */ = {isa = PBXFileReference; lastKnownFileType = folder.assetcatalog; path = "Preview Assets.xcassets"; sourceTree = "<group>"; };
		AE59C41D24A63952009EA72D /* Base */ = {isa = PBXFileReference; lastKnownFileType = file.storyboard; name = Base; path = Base.lproj/LaunchScreen.storyboard; sourceTree = "<group>"; };
		AE59C41F24A63952009EA72D /* Info.plist */ = {isa = PBXFileReference; lastKnownFileType = text.plist.xml; path = Info.plist; sourceTree = "<group>"; };
		AE5E26BC24ACB6F4002B1156 /* ProgressView.swift */ = {isa = PBXFileReference; lastKnownFileType = sourcecode.swift; path = ProgressView.swift; sourceTree = "<group>"; };
		AE74472A24B07E7900E3ABD5 /* SleepKitProtoDebug.entitlements */ = {isa = PBXFileReference; lastKnownFileType = text.plist.entitlements; path = SleepKitProtoDebug.entitlements; sourceTree = "<group>"; };
		AE74472B24B07E9700E3ABD5 /* SleepKitProtoWidgetExtensionDebug.entitlements */ = {isa = PBXFileReference; lastKnownFileType = text.plist.entitlements; path = SleepKitProtoWidgetExtensionDebug.entitlements; sourceTree = "<group>"; };
		AEB65D3A24B04887005A6975 /* SleepKitLib.swift */ = {isa = PBXFileReference; lastKnownFileType = sourcecode.swift; path = SleepKitLib.swift; sourceTree = "<group>"; };
		AEB65D3E24B0490F005A6975 /* LocalKeys.swift */ = {isa = PBXFileReference; lastKnownFileType = sourcecode.swift; path = LocalKeys.swift; sourceTree = "<group>"; };
		AEB65D4324B049CC005A6975 /* HealthKit.framework */ = {isa = PBXFileReference; lastKnownFileType = wrapper.framework; name = HealthKit.framework; path = Platforms/WatchOS.platform/Developer/SDKs/WatchOS7.0.sdk/System/Library/Frameworks/HealthKit.framework; sourceTree = DEVELOPER_DIR; };
		AEB65D4524B04E00005A6975 /* ListItem.swift */ = {isa = PBXFileReference; lastKnownFileType = sourcecode.swift; path = ListItem.swift; sourceTree = "<group>"; };
		AEB65D4B24B06BBF005A6975 /* SleepKitStruct.swift */ = {isa = PBXFileReference; lastKnownFileType = sourcecode.swift; path = SleepKitStruct.swift; sourceTree = "<group>"; };
		AEC31D3124B1AC8800E5919B /* SleepKitforWatchDebug.entitlements */ = {isa = PBXFileReference; lastKnownFileType = text.plist.entitlements; path = SleepKitforWatchDebug.entitlements; sourceTree = "<group>"; };
		AEC31D3224B1AC9100E5919B /* SleepKitforWatch ExtensionDebug.entitlements */ = {isa = PBXFileReference; lastKnownFileType = text.plist.entitlements; path = "SleepKitforWatch ExtensionDebug.entitlements"; sourceTree = "<group>"; };
		AED2FD2524B1BD93008D0B8E /* SleepKitforWatchRelease.entitlements */ = {isa = PBXFileReference; lastKnownFileType = text.plist.entitlements; path = SleepKitforWatchRelease.entitlements; sourceTree = "<group>"; };
		AED2FD2624B1BD99008D0B8E /* SleepKitforWatch ExtensionRelease.entitlements */ = {isa = PBXFileReference; lastKnownFileType = text.plist.entitlements; path = "SleepKitforWatch ExtensionRelease.entitlements"; sourceTree = "<group>"; };
/* End PBXFileReference section */

/* Begin PBXFrameworksBuildPhase section */
		AE1F142A24B1AA130043F7E4 /* Frameworks */ = {
			isa = PBXFrameworksBuildPhase;
			buildActionMask = 2147483647;
			files = (
				AEC31D3324B1AC9300E5919B /* HealthKit.framework in Frameworks */,
			);
			runOnlyForDeploymentPostprocessing = 0;
		};
		AE4B70BE24AB65E300123B68 /* Frameworks */ = {
			isa = PBXFrameworksBuildPhase;
			buildActionMask = 2147483647;
			files = (
				AE4B70D724AB65F500123B68 /* HealthKit.framework in Frameworks */,
				AE4B70C524AB65E300123B68 /* SwiftUI.framework in Frameworks */,
				AE4B70C324AB65E300123B68 /* WidgetKit.framework in Frameworks */,
			);
			runOnlyForDeploymentPostprocessing = 0;
		};
		AE59C40B24A6394D009EA72D /* Frameworks */ = {
			isa = PBXFrameworksBuildPhase;
			buildActionMask = 2147483647;
			files = (
				AE4B70BC24A725D700123B68 /* HealthKit.framework in Frameworks */,
			);
			runOnlyForDeploymentPostprocessing = 0;
		};
/* End PBXFrameworksBuildPhase section */

/* Begin PBXGroup section */
		AE1F142224B1AA110043F7E4 /* SleepKitforWatch */ = {
			isa = PBXGroup;
			children = (
				AED2FD2524B1BD93008D0B8E /* SleepKitforWatchRelease.entitlements */,
				AEC31D3124B1AC8800E5919B /* SleepKitforWatchDebug.entitlements */,
				AE1F142324B1AA110043F7E4 /* Interface.storyboard */,
				AE1F142624B1AA130043F7E4 /* Assets.xcassets */,
				AE1F142824B1AA130043F7E4 /* Info.plist */,
			);
			path = SleepKitforWatch;
			sourceTree = "<group>";
		};
		AE1F143124B1AA130043F7E4 /* SleepKitforWatch Extension */ = {
			isa = PBXGroup;
			children = (
				AED2FD2624B1BD99008D0B8E /* SleepKitforWatch ExtensionRelease.entitlements */,
				AEC31D3224B1AC9100E5919B /* SleepKitforWatch ExtensionDebug.entitlements */,
				AE1F143224B1AA130043F7E4 /* HostingController.swift */,
				AE1F143424B1AA130043F7E4 /* ContentView.swift */,
				AE1F143624B1AA130043F7E4 /* ExtensionDelegate.swift */,
				AE1F143824B1AA130043F7E4 /* NotificationController.swift */,
				AE1F143A24B1AA130043F7E4 /* NotificationView.swift */,
				AE1F143C24B1AA130043F7E4 /* ComplicationController.swift */,
				AE1F143E24B1AA140043F7E4 /* Assets.xcassets */,
				AE1F144324B1AA140043F7E4 /* Info.plist */,
				AE1F144424B1AA140043F7E4 /* PushNotificationPayload.apns */,
				AE1F144024B1AA140043F7E4 /* Preview Content */,
			);
			path = "SleepKitforWatch Extension";
			sourceTree = "<group>";
		};
		AE1F144024B1AA140043F7E4 /* Preview Content */ = {
			isa = PBXGroup;
			children = (
				AE1F144124B1AA140043F7E4 /* Preview Assets.xcassets */,
			);
			path = "Preview Content";
			sourceTree = "<group>";
		};
		AE4B70BA24A725D700123B68 /* Frameworks */ = {
			isa = PBXGroup;
			children = (
				AEB65D4A24B06B75005A6975 /* Components */,
				AEB65D4924B06B65005A6975 /* SleepKit */,
				AEB65D4324B049CC005A6975 /* HealthKit.framework */,
				AE4B70BB24A725D700123B68 /* HealthKit.framework */,
				AE4B70C224AB65E300123B68 /* WidgetKit.framework */,
				AE4B70C424AB65E300123B68 /* SwiftUI.framework */,
			);
			name = Frameworks;
			sourceTree = "<group>";
		};
		AE4B70C624AB65E300123B68 /* SleepKitProtoWidget */ = {
			isa = PBXGroup;
			children = (
				AE4B70C724AB65E300123B68 /* SleepKitProtoWidget.swift */,
				AE4B70C924AB65E300123B68 /* SleepKitProtoWidget.intentdefinition */,
				AE4B70CA24AB65E500123B68 /* Assets.xcassets */,
				AE4B70CC24AB65E500123B68 /* Info.plist */,
			);
			path = SleepKitProtoWidget;
			sourceTree = "<group>";
		};
		AE59C40524A6394D009EA72D = {
			isa = PBXGroup;
			children = (
				AE74472B24B07E9700E3ABD5 /* SleepKitProtoWidgetExtensionDebug.entitlements */,
				AE4B70D624AB65F500123B68 /* SleepKitProtoWidgetExtension.entitlements */,
				AE59C41024A6394D009EA72D /* SleepKitProto */,
				AE4B70C624AB65E300123B68 /* SleepKitProtoWidget */,
				AE1F142224B1AA110043F7E4 /* SleepKitforWatch */,
				AE1F143124B1AA130043F7E4 /* SleepKitforWatch Extension */,
				AE59C40F24A6394D009EA72D /* Products */,
				AE4B70BA24A725D700123B68 /* Frameworks */,
			);
			sourceTree = "<group>";
		};
		AE59C40F24A6394D009EA72D /* Products */ = {
			isa = PBXGroup;
			children = (
				AE59C40E24A6394D009EA72D /* SleepKitProto.app */,
				AE4B70C124AB65E300123B68 /* SleepKitProtoWidgetExtension.appex */,
				AE1F142124B1AA110043F7E4 /* SleepKitforWatch.app */,
				AE1F142D24B1AA130043F7E4 /* SleepKitforWatch Extension.appex */,
			);
			name = Products;
			sourceTree = "<group>";
		};
		AE59C41024A6394D009EA72D /* SleepKitProto */ = {
			isa = PBXGroup;
			children = (
				AE74472A24B07E7900E3ABD5 /* SleepKitProtoDebug.entitlements */,
				AE4B70B924A725D700123B68 /* SleepKitProto.entitlements */,
				AE59C41124A6394D009EA72D /* AppDelegate.swift */,
				AE59C41324A6394D009EA72D /* SceneDelegate.swift */,
				AE59C41524A6394D009EA72D /* ContentView.swift */,
				AE59C41724A63952009EA72D /* Assets.xcassets */,
				AE59C41C24A63952009EA72D /* LaunchScreen.storyboard */,
				AE59C41F24A63952009EA72D /* Info.plist */,
				AE59C41924A63952009EA72D /* Preview Content */,
			);
			path = SleepKitProto;
			sourceTree = "<group>";
		};
		AE59C41924A63952009EA72D /* Preview Content */ = {
			isa = PBXGroup;
			children = (
				AE59C41A24A63952009EA72D /* Preview Assets.xcassets */,
			);
			path = "Preview Content";
			sourceTree = "<group>";
		};
		AEB65D4924B06B65005A6975 /* SleepKit */ = {
			isa = PBXGroup;
			children = (
				AEB65D3A24B04887005A6975 /* SleepKitLib.swift */,
				AEB65D3E24B0490F005A6975 /* LocalKeys.swift */,
				AEB65D4B24B06BBF005A6975 /* SleepKitStruct.swift */,
			);
			name = SleepKit;
			sourceTree = "<group>";
		};
		AEB65D4A24B06B75005A6975 /* Components */ = {
			isa = PBXGroup;
			children = (
				AE5E26BC24ACB6F4002B1156 /* ProgressView.swift */,
				AEB65D4524B04E00005A6975 /* ListItem.swift */,
			);
			name = Components;
			sourceTree = "<group>";
		};
/* End PBXGroup section */

/* Begin PBXNativeTarget section */
		AE1F142024B1AA110043F7E4 /* SleepKitforWatch */ = {
			isa = PBXNativeTarget;
			buildConfigurationList = AE1F144C24B1AA150043F7E4 /* Build configuration list for PBXNativeTarget "SleepKitforWatch" */;
			buildPhases = (
				AE1F141F24B1AA110043F7E4 /* Resources */,
				AE1F144B24B1AA150043F7E4 /* Embed App Extensions */,
			);
			buildRules = (
			);
			dependencies = (
				AE1F143024B1AA130043F7E4 /* PBXTargetDependency */,
			);
			name = SleepKitforWatch;
			productName = SleepKitforWatch;
			productReference = AE1F142124B1AA110043F7E4 /* SleepKitforWatch.app */;
			productType = "com.apple.product-type.application.watchapp2";
		};
		AE1F142C24B1AA130043F7E4 /* SleepKitforWatch Extension */ = {
			isa = PBXNativeTarget;
			buildConfigurationList = AE1F144824B1AA150043F7E4 /* Build configuration list for PBXNativeTarget "SleepKitforWatch Extension" */;
			buildPhases = (
				AE1F142924B1AA130043F7E4 /* Sources */,
				AE1F142A24B1AA130043F7E4 /* Frameworks */,
				AE1F142B24B1AA130043F7E4 /* Resources */,
			);
			buildRules = (
			);
			dependencies = (
			);
			name = "SleepKitforWatch Extension";
			productName = "SleepKitforWatch Extension";
			productReference = AE1F142D24B1AA130043F7E4 /* SleepKitforWatch Extension.appex */;
			productType = "com.apple.product-type.watchkit2-extension";
		};
		AE4B70C024AB65E300123B68 /* SleepKitProtoWidgetExtension */ = {
			isa = PBXNativeTarget;
			buildConfigurationList = AE4B70D224AB65E500123B68 /* Build configuration list for PBXNativeTarget "SleepKitProtoWidgetExtension" */;
			buildPhases = (
				AE4B70BD24AB65E300123B68 /* Sources */,
				AE4B70BE24AB65E300123B68 /* Frameworks */,
				AE4B70BF24AB65E300123B68 /* Resources */,
			);
			buildRules = (
			);
			dependencies = (
			);
			name = SleepKitProtoWidgetExtension;
			productName = SleepKitProtoWidgetExtension;
			productReference = AE4B70C124AB65E300123B68 /* SleepKitProtoWidgetExtension.appex */;
			productType = "com.apple.product-type.app-extension";
		};
		AE59C40D24A6394D009EA72D /* SleepKitProto */ = {
			isa = PBXNativeTarget;
			buildConfigurationList = AE59C42224A63952009EA72D /* Build configuration list for PBXNativeTarget "SleepKitProto" */;
			buildPhases = (
				AE59C40A24A6394D009EA72D /* Sources */,
				AE59C40B24A6394D009EA72D /* Frameworks */,
				AE59C40C24A6394D009EA72D /* Resources */,
				AE4B70D524AB65E500123B68 /* Embed App Extensions */,
				AE1F141724B1A8340043F7E4 /* Embed Watch Content */,
			);
			buildRules = (
			);
			dependencies = (
				AE4B70D024AB65E500123B68 /* PBXTargetDependency */,
				AE1F144624B1AA140043F7E4 /* PBXTargetDependency */,
			);
			name = SleepKitProto;
			productName = SleepKitProto;
			productReference = AE59C40E24A6394D009EA72D /* SleepKitProto.app */;
			productType = "com.apple.product-type.application";
		};
/* End PBXNativeTarget section */

/* Begin PBXProject section */
		AE59C40624A6394D009EA72D /* Project object */ = {
			isa = PBXProject;
			attributes = {
				LastSwiftUpdateCheck = 1200;
				LastUpgradeCheck = 1200;
				ORGANIZATIONNAME = "현";
				TargetAttributes = {
					AE1F142024B1AA110043F7E4 = {
						CreatedOnToolsVersion = 12.0;
					};
					AE1F142C24B1AA130043F7E4 = {
						CreatedOnToolsVersion = 12.0;
					};
					AE4B70C024AB65E300123B68 = {
						CreatedOnToolsVersion = 12.0;
					};
					AE59C40D24A6394D009EA72D = {
						CreatedOnToolsVersion = 11.5;
					};
				};
			};
			buildConfigurationList = AE59C40924A6394D009EA72D /* Build configuration list for PBXProject "SleepKitProto" */;
			compatibilityVersion = "Xcode 9.3";
			developmentRegion = en;
			hasScannedForEncodings = 0;
			knownRegions = (
				en,
				Base,
			);
			mainGroup = AE59C40524A6394D009EA72D;
			productRefGroup = AE59C40F24A6394D009EA72D /* Products */;
			projectDirPath = "";
			projectRoot = "";
			targets = (
				AE59C40D24A6394D009EA72D /* SleepKitProto */,
				AE4B70C024AB65E300123B68 /* SleepKitProtoWidgetExtension */,
				AE1F142024B1AA110043F7E4 /* SleepKitforWatch */,
				AE1F142C24B1AA130043F7E4 /* SleepKitforWatch Extension */,
			);
		};
/* End PBXProject section */

/* Begin PBXResourcesBuildPhase section */
		AE1F141F24B1AA110043F7E4 /* Resources */ = {
			isa = PBXResourcesBuildPhase;
			buildActionMask = 2147483647;
			files = (
				AE1F142724B1AA130043F7E4 /* Assets.xcassets in Resources */,
				AE1F142524B1AA110043F7E4 /* Interface.storyboard in Resources */,
			);
			runOnlyForDeploymentPostprocessing = 0;
		};
		AE1F142B24B1AA130043F7E4 /* Resources */ = {
			isa = PBXResourcesBuildPhase;
			buildActionMask = 2147483647;
			files = (
				AE1F144224B1AA140043F7E4 /* Preview Assets.xcassets in Resources */,
				AE1F143F24B1AA140043F7E4 /* Assets.xcassets in Resources */,
			);
			runOnlyForDeploymentPostprocessing = 0;
		};
		AE4B70BF24AB65E300123B68 /* Resources */ = {
			isa = PBXResourcesBuildPhase;
			buildActionMask = 2147483647;
			files = (
				AE4B70CB24AB65E500123B68 /* Assets.xcassets in Resources */,
			);
			runOnlyForDeploymentPostprocessing = 0;
		};
		AE59C40C24A6394D009EA72D /* Resources */ = {
			isa = PBXResourcesBuildPhase;
			buildActionMask = 2147483647;
			files = (
				AE59C41E24A63952009EA72D /* LaunchScreen.storyboard in Resources */,
				AE59C41B24A63952009EA72D /* Preview Assets.xcassets in Resources */,
				AE59C41824A63952009EA72D /* Assets.xcassets in Resources */,
			);
			runOnlyForDeploymentPostprocessing = 0;
		};
/* End PBXResourcesBuildPhase section */

/* Begin PBXSourcesBuildPhase section */
		AE1F142924B1AA130043F7E4 /* Sources */ = {
			isa = PBXSourcesBuildPhase;
			buildActionMask = 2147483647;
			files = (
				AE1F143524B1AA130043F7E4 /* ContentView.swift in Sources */,
				AEC31D2F24B1ABC600E5919B /* SleepKitStruct.swift in Sources */,
				AE1F143324B1AA130043F7E4 /* HostingController.swift in Sources */,
				AE1F143924B1AA130043F7E4 /* NotificationController.swift in Sources */,
				AEC31D2B24B1AB7300E5919B /* SleepKitLib.swift in Sources */,
				AEC31D2D24B1ABBD00E5919B /* ListItem.swift in Sources */,
				AE1F143724B1AA130043F7E4 /* ExtensionDelegate.swift in Sources */,
				AEC31D3024B1ABC900E5919B /* LocalKeys.swift in Sources */,
				AE1F143B24B1AA130043F7E4 /* NotificationView.swift in Sources */,
				AE1F143D24B1AA130043F7E4 /* ComplicationController.swift in Sources */,
				AEC31D2E24B1ABC000E5919B /* ProgressView.swift in Sources */,
			);
			runOnlyForDeploymentPostprocessing = 0;
		};
		AE4B70BD24AB65E300123B68 /* Sources */ = {
			isa = PBXSourcesBuildPhase;
			buildActionMask = 2147483647;
			files = (
				AEB65D4724B04E00005A6975 /* ListItem.swift in Sources */,
				AE5E26BE24ACB6F4002B1156 /* ProgressView.swift in Sources */,
				AEB65D4024B0490F005A6975 /* LocalKeys.swift in Sources */,
				AEC31D2C24B1AB7A00E5919B /* SleepKitLib.swift in Sources */,
				AE4B70CD24AB65E500123B68 /* SleepKitProtoWidget.intentdefinition in Sources */,
				AE4B70C824AB65E300123B68 /* SleepKitProtoWidget.swift in Sources */,
				AEB65D4D24B06BBF005A6975 /* SleepKitStruct.swift in Sources */,
			);
			runOnlyForDeploymentPostprocessing = 0;
		};
		AE59C40A24A6394D009EA72D /* Sources */ = {
			isa = PBXSourcesBuildPhase;
			buildActionMask = 2147483647;
			files = (
				AEB65D3F24B0490F005A6975 /* LocalKeys.swift in Sources */,
				AE59C41224A6394D009EA72D /* AppDelegate.swift in Sources */,
				AE4B70CE24AB65E500123B68 /* SleepKitProtoWidget.intentdefinition in Sources */,
				AEB65D3B24B04887005A6975 /* SleepKitLib.swift in Sources */,
				AEB65D4C24B06BBF005A6975 /* SleepKitStruct.swift in Sources */,
				AEB65D4624B04E00005A6975 /* ListItem.swift in Sources */,
				AE5E26BD24ACB6F4002B1156 /* ProgressView.swift in Sources */,
				AE59C41424A6394D009EA72D /* SceneDelegate.swift in Sources */,
				AE59C41624A6394D009EA72D /* ContentView.swift in Sources */,
			);
			runOnlyForDeploymentPostprocessing = 0;
		};
/* End PBXSourcesBuildPhase section */

/* Begin PBXTargetDependency section */
		AE1F143024B1AA130043F7E4 /* PBXTargetDependency */ = {
			isa = PBXTargetDependency;
			target = AE1F142C24B1AA130043F7E4 /* SleepKitforWatch Extension */;
			targetProxy = AE1F142F24B1AA130043F7E4 /* PBXContainerItemProxy */;
		};
		AE1F144624B1AA140043F7E4 /* PBXTargetDependency */ = {
			isa = PBXTargetDependency;
			target = AE1F142024B1AA110043F7E4 /* SleepKitforWatch */;
			targetProxy = AE1F144524B1AA140043F7E4 /* PBXContainerItemProxy */;
		};
		AE4B70D024AB65E500123B68 /* PBXTargetDependency */ = {
			isa = PBXTargetDependency;
			target = AE4B70C024AB65E300123B68 /* SleepKitProtoWidgetExtension */;
			targetProxy = AE4B70CF24AB65E500123B68 /* PBXContainerItemProxy */;
		};
/* End PBXTargetDependency section */

/* Begin PBXVariantGroup section */
		AE1F142324B1AA110043F7E4 /* Interface.storyboard */ = {
			isa = PBXVariantGroup;
			children = (
				AE1F142424B1AA110043F7E4 /* Base */,
			);
			name = Interface.storyboard;
			sourceTree = "<group>";
		};
		AE59C41C24A63952009EA72D /* LaunchScreen.storyboard */ = {
			isa = PBXVariantGroup;
			children = (
				AE59C41D24A63952009EA72D /* Base */,
			);
			name = LaunchScreen.storyboard;
			sourceTree = "<group>";
		};
/* End PBXVariantGroup section */

/* Begin XCBuildConfiguration section */
		AE1F144924B1AA150043F7E4 /* Debug */ = {
			isa = XCBuildConfiguration;
			buildSettings = {
				ASSETCATALOG_COMPILER_COMPLICATION_NAME = Complication;
				CODE_SIGN_ENTITLEMENTS = "SleepKitforWatch Extension/SleepKitforWatch ExtensionDebug.entitlements";
				CODE_SIGN_STYLE = Automatic;
				DEVELOPMENT_ASSET_PATHS = "\"SleepKitforWatch Extension/Preview Content\"";
				DEVELOPMENT_TEAM = BV38S42F98;
				ENABLE_PREVIEWS = YES;
				INFOPLIST_FILE = "SleepKitforWatch Extension/Info.plist";
				LD_RUNPATH_SEARCH_PATHS = (
					"$(inherited)",
					"@executable_path/Frameworks",
					"@executable_path/../../Frameworks",
				);
				MARKETING_VERSION = 1.2;
				PRODUCT_BUNDLE_IDENTIFIER = DevUC.SleepKitProto.watchkitapp.watchkitextension;
				PRODUCT_NAME = "${TARGET_NAME}";
				SDKROOT = watchos;
				SKIP_INSTALL = YES;
				SWIFT_VERSION = 5.0;
				TARGETED_DEVICE_FAMILY = 4;
				WATCHOS_DEPLOYMENT_TARGET = 7.0;
			};
			name = Debug;
		};
		AE1F144A24B1AA150043F7E4 /* Release */ = {
			isa = XCBuildConfiguration;
			buildSettings = {
				ASSETCATALOG_COMPILER_COMPLICATION_NAME = Complication;
				CODE_SIGN_ENTITLEMENTS = "SleepKitforWatch Extension/SleepKitforWatch ExtensionRelease.entitlements";
				CODE_SIGN_STYLE = Automatic;
				DEVELOPMENT_ASSET_PATHS = "\"SleepKitforWatch Extension/Preview Content\"";
				DEVELOPMENT_TEAM = BV38S42F98;
				ENABLE_PREVIEWS = YES;
				INFOPLIST_FILE = "SleepKitforWatch Extension/Info.plist";
				LD_RUNPATH_SEARCH_PATHS = (
					"$(inherited)",
					"@executable_path/Frameworks",
					"@executable_path/../../Frameworks",
				);
				MARKETING_VERSION = 1.2;
				PRODUCT_BUNDLE_IDENTIFIER = DevUC.SleepKitProto.watchkitapp.watchkitextension;
				PRODUCT_NAME = "${TARGET_NAME}";
				SDKROOT = watchos;
				SKIP_INSTALL = YES;
				SWIFT_VERSION = 5.0;
				TARGETED_DEVICE_FAMILY = 4;
				WATCHOS_DEPLOYMENT_TARGET = 7.0;
			};
			name = Release;
		};
		AE1F144D24B1AA150043F7E4 /* Debug */ = {
			isa = XCBuildConfiguration;
			buildSettings = {
				ALWAYS_EMBED_SWIFT_STANDARD_LIBRARIES = YES;
				ASSETCATALOG_COMPILER_APPICON_NAME = AppIcon;
				ASSETCATALOG_COMPILER_GLOBAL_ACCENT_COLOR_NAME = AccentColor;
				CODE_SIGN_ENTITLEMENTS = SleepKitforWatch/SleepKitforWatchDebug.entitlements;
				CODE_SIGN_STYLE = Automatic;
				DEVELOPMENT_TEAM = BV38S42F98;
				IBSC_MODULE = SleepKitforWatch_Extension;
				INFOPLIST_FILE = SleepKitforWatch/Info.plist;
				MARKETING_VERSION = 1.2;
				PRODUCT_BUNDLE_IDENTIFIER = DevUC.SleepKitProto.watchkitapp;
				PRODUCT_NAME = "$(TARGET_NAME)";
				SDKROOT = watchos;
				SKIP_INSTALL = YES;
				SWIFT_VERSION = 5.0;
				TARGETED_DEVICE_FAMILY = 4;
				WATCHOS_DEPLOYMENT_TARGET = 7.0;
			};
			name = Debug;
		};
		AE1F144E24B1AA150043F7E4 /* Release */ = {
			isa = XCBuildConfiguration;
			buildSettings = {
				ALWAYS_EMBED_SWIFT_STANDARD_LIBRARIES = YES;
				ASSETCATALOG_COMPILER_APPICON_NAME = AppIcon;
				ASSETCATALOG_COMPILER_GLOBAL_ACCENT_COLOR_NAME = AccentColor;
				CODE_SIGN_ENTITLEMENTS = SleepKitforWatch/SleepKitforWatchRelease.entitlements;
				CODE_SIGN_STYLE = Automatic;
				DEVELOPMENT_TEAM = BV38S42F98;
				IBSC_MODULE = SleepKitforWatch_Extension;
				INFOPLIST_FILE = SleepKitforWatch/Info.plist;
				MARKETING_VERSION = 1.2;
				PRODUCT_BUNDLE_IDENTIFIER = DevUC.SleepKitProto.watchkitapp;
				PRODUCT_NAME = "$(TARGET_NAME)";
				SDKROOT = watchos;
				SKIP_INSTALL = YES;
				SWIFT_VERSION = 5.0;
				TARGETED_DEVICE_FAMILY = 4;
				WATCHOS_DEPLOYMENT_TARGET = 7.0;
			};
			name = Release;
		};
		AE4B70D324AB65E500123B68 /* Debug */ = {
			isa = XCBuildConfiguration;
			buildSettings = {
				ASSETCATALOG_COMPILER_GLOBAL_ACCENT_COLOR_NAME = AccentColor;
				ASSETCATALOG_COMPILER_WIDGET_BACKGROUND_COLOR_NAME = WidgetBackground;
				CODE_SIGN_ENTITLEMENTS = SleepKitProtoWidgetExtensionDebug.entitlements;
				CODE_SIGN_STYLE = Automatic;
				DEVELOPMENT_TEAM = BV38S42F98;
				INFOPLIST_FILE = SleepKitProtoWidget/Info.plist;
				LD_RUNPATH_SEARCH_PATHS = (
					"$(inherited)",
					"@executable_path/Frameworks",
					"@executable_path/../../Frameworks",
				);
				MARKETING_VERSION = 1.2;
				PRODUCT_BUNDLE_IDENTIFIER = DevUC.SleepKitProto.SleepKitProtoWidget;
				PRODUCT_NAME = "$(TARGET_NAME)";
				SKIP_INSTALL = YES;
				SWIFT_VERSION = 5.0;
				TARGETED_DEVICE_FAMILY = "1,2";
			};
			name = Debug;
		};
		AE4B70D424AB65E500123B68 /* Release */ = {
			isa = XCBuildConfiguration;
			buildSettings = {
				ASSETCATALOG_COMPILER_GLOBAL_ACCENT_COLOR_NAME = AccentColor;
				ASSETCATALOG_COMPILER_WIDGET_BACKGROUND_COLOR_NAME = WidgetBackground;
				CODE_SIGN_ENTITLEMENTS = SleepKitProtoWidgetExtension.entitlements;
				CODE_SIGN_STYLE = Automatic;
				DEVELOPMENT_TEAM = BV38S42F98;
				INFOPLIST_FILE = SleepKitProtoWidget/Info.plist;
				LD_RUNPATH_SEARCH_PATHS = (
					"$(inherited)",
					"@executable_path/Frameworks",
					"@executable_path/../../Frameworks",
				);
				MARKETING_VERSION = 1.2;
				PRODUCT_BUNDLE_IDENTIFIER = DevUC.SleepKitProto.SleepKitProtoWidget;
				PRODUCT_NAME = "$(TARGET_NAME)";
				SKIP_INSTALL = YES;
				SWIFT_VERSION = 5.0;
				TARGETED_DEVICE_FAMILY = "1,2";
			};
			name = Release;
		};
		AE59C42024A63952009EA72D /* Debug */ = {
			isa = XCBuildConfiguration;
			buildSettings = {
				ALWAYS_SEARCH_USER_PATHS = NO;
				CLANG_ANALYZER_NONNULL = YES;
				CLANG_ANALYZER_NUMBER_OBJECT_CONVERSION = YES_AGGRESSIVE;
				CLANG_CXX_LANGUAGE_STANDARD = "gnu++14";
				CLANG_CXX_LIBRARY = "libc++";
				CLANG_ENABLE_MODULES = YES;
				CLANG_ENABLE_OBJC_ARC = YES;
				CLANG_ENABLE_OBJC_WEAK = YES;
				CLANG_WARN_BLOCK_CAPTURE_AUTORELEASING = YES;
				CLANG_WARN_BOOL_CONVERSION = YES;
				CLANG_WARN_COMMA = YES;
				CLANG_WARN_CONSTANT_CONVERSION = YES;
				CLANG_WARN_DEPRECATED_OBJC_IMPLEMENTATIONS = YES;
				CLANG_WARN_DIRECT_OBJC_ISA_USAGE = YES_ERROR;
				CLANG_WARN_DOCUMENTATION_COMMENTS = YES;
				CLANG_WARN_EMPTY_BODY = YES;
				CLANG_WARN_ENUM_CONVERSION = YES;
				CLANG_WARN_INFINITE_RECURSION = YES;
				CLANG_WARN_INT_CONVERSION = YES;
				CLANG_WARN_NON_LITERAL_NULL_CONVERSION = YES;
				CLANG_WARN_OBJC_IMPLICIT_RETAIN_SELF = YES;
				CLANG_WARN_OBJC_LITERAL_CONVERSION = YES;
				CLANG_WARN_OBJC_ROOT_CLASS = YES_ERROR;
				CLANG_WARN_QUOTED_INCLUDE_IN_FRAMEWORK_HEADER = YES;
				CLANG_WARN_RANGE_LOOP_ANALYSIS = YES;
				CLANG_WARN_STRICT_PROTOTYPES = YES;
				CLANG_WARN_SUSPICIOUS_MOVE = YES;
				CLANG_WARN_UNGUARDED_AVAILABILITY = YES_AGGRESSIVE;
				CLANG_WARN_UNREACHABLE_CODE = YES;
				CLANG_WARN__DUPLICATE_METHOD_MATCH = YES;
				COPY_PHASE_STRIP = NO;
				DEBUG_INFORMATION_FORMAT = dwarf;
				ENABLE_STRICT_OBJC_MSGSEND = YES;
				ENABLE_TESTABILITY = YES;
				GCC_C_LANGUAGE_STANDARD = gnu11;
				GCC_DYNAMIC_NO_PIC = NO;
				GCC_NO_COMMON_BLOCKS = YES;
				GCC_OPTIMIZATION_LEVEL = 0;
				GCC_PREPROCESSOR_DEFINITIONS = (
					"DEBUG=1",
					"$(inherited)",
				);
				GCC_WARN_64_TO_32_BIT_CONVERSION = YES;
				GCC_WARN_ABOUT_RETURN_TYPE = YES_ERROR;
				GCC_WARN_UNDECLARED_SELECTOR = YES;
				GCC_WARN_UNINITIALIZED_AUTOS = YES_AGGRESSIVE;
				GCC_WARN_UNUSED_FUNCTION = YES;
				GCC_WARN_UNUSED_VARIABLE = YES;
				IPHONEOS_DEPLOYMENT_TARGET = 14.0;
				MTL_ENABLE_DEBUG_INFO = INCLUDE_SOURCE;
				MTL_FAST_MATH = YES;
				ONLY_ACTIVE_ARCH = YES;
				SDKROOT = iphoneos;
				SWIFT_ACTIVE_COMPILATION_CONDITIONS = DEBUG;
				SWIFT_OPTIMIZATION_LEVEL = "-Onone";
			};
			name = Debug;
		};
		AE59C42124A63952009EA72D /* Release */ = {
			isa = XCBuildConfiguration;
			buildSettings = {
				ALWAYS_SEARCH_USER_PATHS = NO;
				CLANG_ANALYZER_NONNULL = YES;
				CLANG_ANALYZER_NUMBER_OBJECT_CONVERSION = YES_AGGRESSIVE;
				CLANG_CXX_LANGUAGE_STANDARD = "gnu++14";
				CLANG_CXX_LIBRARY = "libc++";
				CLANG_ENABLE_MODULES = YES;
				CLANG_ENABLE_OBJC_ARC = YES;
				CLANG_ENABLE_OBJC_WEAK = YES;
				CLANG_WARN_BLOCK_CAPTURE_AUTORELEASING = YES;
				CLANG_WARN_BOOL_CONVERSION = YES;
				CLANG_WARN_COMMA = YES;
				CLANG_WARN_CONSTANT_CONVERSION = YES;
				CLANG_WARN_DEPRECATED_OBJC_IMPLEMENTATIONS = YES;
				CLANG_WARN_DIRECT_OBJC_ISA_USAGE = YES_ERROR;
				CLANG_WARN_DOCUMENTATION_COMMENTS = YES;
				CLANG_WARN_EMPTY_BODY = YES;
				CLANG_WARN_ENUM_CONVERSION = YES;
				CLANG_WARN_INFINITE_RECURSION = YES;
				CLANG_WARN_INT_CONVERSION = YES;
				CLANG_WARN_NON_LITERAL_NULL_CONVERSION = YES;
				CLANG_WARN_OBJC_IMPLICIT_RETAIN_SELF = YES;
				CLANG_WARN_OBJC_LITERAL_CONVERSION = YES;
				CLANG_WARN_OBJC_ROOT_CLASS = YES_ERROR;
				CLANG_WARN_QUOTED_INCLUDE_IN_FRAMEWORK_HEADER = YES;
				CLANG_WARN_RANGE_LOOP_ANALYSIS = YES;
				CLANG_WARN_STRICT_PROTOTYPES = YES;
				CLANG_WARN_SUSPICIOUS_MOVE = YES;
				CLANG_WARN_UNGUARDED_AVAILABILITY = YES_AGGRESSIVE;
				CLANG_WARN_UNREACHABLE_CODE = YES;
				CLANG_WARN__DUPLICATE_METHOD_MATCH = YES;
				COPY_PHASE_STRIP = NO;
				DEBUG_INFORMATION_FORMAT = "dwarf-with-dsym";
				ENABLE_NS_ASSERTIONS = NO;
				ENABLE_STRICT_OBJC_MSGSEND = YES;
				GCC_C_LANGUAGE_STANDARD = gnu11;
				GCC_NO_COMMON_BLOCKS = YES;
				GCC_WARN_64_TO_32_BIT_CONVERSION = YES;
				GCC_WARN_ABOUT_RETURN_TYPE = YES_ERROR;
				GCC_WARN_UNDECLARED_SELECTOR = YES;
				GCC_WARN_UNINITIALIZED_AUTOS = YES_AGGRESSIVE;
				GCC_WARN_UNUSED_FUNCTION = YES;
				GCC_WARN_UNUSED_VARIABLE = YES;
				IPHONEOS_DEPLOYMENT_TARGET = 14.0;
				MTL_ENABLE_DEBUG_INFO = NO;
				MTL_FAST_MATH = YES;
				SDKROOT = iphoneos;
				SWIFT_COMPILATION_MODE = wholemodule;
				SWIFT_OPTIMIZATION_LEVEL = "-O";
				VALIDATE_PRODUCT = YES;
			};
			name = Release;
		};
		AE59C42324A63952009EA72D /* Debug */ = {
			isa = XCBuildConfiguration;
			buildSettings = {
				ALWAYS_EMBED_SWIFT_STANDARD_LIBRARIES = YES;
				ASSETCATALOG_COMPILER_APPICON_NAME = AppIcon;
				CODE_SIGN_ENTITLEMENTS = SleepKitProto/SleepKitProtoDebug.entitlements;
				CODE_SIGN_STYLE = Automatic;
				DEVELOPMENT_ASSET_PATHS = "\"SleepKitProto/Preview Content\"";
				DEVELOPMENT_TEAM = BV38S42F98;
				ENABLE_PREVIEWS = YES;
				INFOPLIST_FILE = SleepKitProto/Info.plist;
				IPHONEOS_DEPLOYMENT_TARGET = 13.0;
				LD_RUNPATH_SEARCH_PATHS = (
					"$(inherited)",
					"@executable_path/Frameworks",
				);
				MARKETING_VERSION = 1.2;
				PRODUCT_BUNDLE_IDENTIFIER = DevUC.SleepKitProto;
				PRODUCT_NAME = "$(TARGET_NAME)";
				SWIFT_VERSION = 5.0;
				TARGETED_DEVICE_FAMILY = "1,2";
			};
			name = Debug;
		};
		AE59C42424A63952009EA72D /* Release */ = {
			isa = XCBuildConfiguration;
			buildSettings = {
				ALWAYS_EMBED_SWIFT_STANDARD_LIBRARIES = YES;
				ASSETCATALOG_COMPILER_APPICON_NAME = AppIcon;
				CODE_SIGN_ENTITLEMENTS = SleepKitProto/SleepKitProto.entitlements;
				CODE_SIGN_STYLE = Automatic;
				DEVELOPMENT_ASSET_PATHS = "\"SleepKitProto/Preview Content\"";
				DEVELOPMENT_TEAM = BV38S42F98;
				ENABLE_PREVIEWS = YES;
				INFOPLIST_FILE = SleepKitProto/Info.plist;
				IPHONEOS_DEPLOYMENT_TARGET = 13.0;
				LD_RUNPATH_SEARCH_PATHS = (
					"$(inherited)",
					"@executable_path/Frameworks",
				);
				MARKETING_VERSION = 1.2;
				PRODUCT_BUNDLE_IDENTIFIER = DevUC.SleepKitProto;
				PRODUCT_NAME = "$(TARGET_NAME)";
				SWIFT_VERSION = 5.0;
				TARGETED_DEVICE_FAMILY = "1,2";
			};
			name = Release;
		};
/* End XCBuildConfiguration section */

/* Begin XCConfigurationList section */
		AE1F144824B1AA150043F7E4 /* Build configuration list for PBXNativeTarget "SleepKitforWatch Extension" */ = {
			isa = XCConfigurationList;
			buildConfigurations = (
				AE1F144924B1AA150043F7E4 /* Debug */,
				AE1F144A24B1AA150043F7E4 /* Release */,
			);
			defaultConfigurationIsVisible = 0;
			defaultConfigurationName = Release;
		};
		AE1F144C24B1AA150043F7E4 /* Build configuration list for PBXNativeTarget "SleepKitforWatch" */ = {
			isa = XCConfigurationList;
			buildConfigurations = (
				AE1F144D24B1AA150043F7E4 /* Debug */,
				AE1F144E24B1AA150043F7E4 /* Release */,
			);
			defaultConfigurationIsVisible = 0;
			defaultConfigurationName = Release;
		};
		AE4B70D224AB65E500123B68 /* Build configuration list for PBXNativeTarget "SleepKitProtoWidgetExtension" */ = {
			isa = XCConfigurationList;
			buildConfigurations = (
				AE4B70D324AB65E500123B68 /* Debug */,
				AE4B70D424AB65E500123B68 /* Release */,
			);
			defaultConfigurationIsVisible = 0;
			defaultConfigurationName = Release;
		};
		AE59C40924A6394D009EA72D /* Build configuration list for PBXProject "SleepKitProto" */ = {
			isa = XCConfigurationList;
			buildConfigurations = (
				AE59C42024A63952009EA72D /* Debug */,
				AE59C42124A63952009EA72D /* Release */,
			);
			defaultConfigurationIsVisible = 0;
			defaultConfigurationName = Release;
		};
		AE59C42224A63952009EA72D /* Build configuration list for PBXNativeTarget "SleepKitProto" */ = {
			isa = XCConfigurationList;
			buildConfigurations = (
				AE59C42324A63952009EA72D /* Debug */,
				AE59C42424A63952009EA72D /* Release */,
			);
			defaultConfigurationIsVisible = 0;
			defaultConfigurationName = Release;
		};
/* End XCConfigurationList section */
	};
	rootObject = AE59C40624A6394D009EA72D /* Project object */;
}
