// !$*UTF8*$!
{
	archiveVersion = 1;
	classes = {
	};
	objectVersion = 50;
	objects = {

/* Begin PBXBuildFile section */
		AE59C41224A6394D009EA72D /* AppDelegate.swift in Sources */ = {isa = PBXBuildFile; fileRef = AE59C41124A6394D009EA72D /* AppDelegate.swift */; };
		AE59C41424A6394D009EA72D /* SceneDelegate.swift in Sources */ = {isa = PBXBuildFile; fileRef = AE59C41324A6394D009EA72D /* SceneDelegate.swift */; };
		AE59C41624A6394D009EA72D /* ContentView.swift in Sources */ = {isa = PBXBuildFile; fileRef = AE59C41524A6394D009EA72D /* ContentView.swift */; };
		AE59C41824A63952009EA72D /* Assets.xcassets in Resources */ = {isa = PBXBuildFile; fileRef = AE59C41724A63952009EA72D /* Assets.xcassets */; };
		AE59C41B24A63952009EA72D /* Preview Assets.xcassets in Resources */ = {isa = PBXBuildFile; fileRef = AE59C41A24A63952009EA72D /* Preview Assets.xcassets */; };
		AE59C41E24A63952009EA72D /* LaunchScreen.storyboard in Resources */ = {isa = PBXBuildFile; fileRef = AE59C41C24A63952009EA72D /* LaunchScreen.storyboard */; };
/* End PBXBuildFile section */

/* Begin PBXFileReference section */
		AE59C40E24A6394D009EA72D /* SleepKitProto.app */ = {isa = PBXFileReference; explicitFileType = wrapper.application; includeInIndex = 0; path = SleepKitProto.app; sourceTree = BUILT_PRODUCTS_DIR; };
		AE59C41124A6394D009EA72D /* AppDelegate.swift */ = {isa = PBXFileReference; lastKnownFileType = sourcecode.swift; path = AppDelegate.swift; sourceTree = "<group>"; };
		AE59C41324A6394D009EA72D /* SceneDelegate.swift */ = {isa = PBXFileReference; lastKnownFileType = sourcecode.swift; path = SceneDelegate.swift; sourceTree = "<group>"; };
		AE59C41524A6394D009EA72D /* ContentView.swift */ = {isa = PBXFileReference; lastKnownFileType = sourcecode.swift; path = ContentView.swift; sourceTree = "<group>"; };
		AE59C41724A63952009EA72D /* Assets.xcassets */ = {isa = PBXFileReference; lastKnownFileType = folder.assetcatalog; path = Assets.xcassets; sourceTree = "<group>"; };
		AE59C41A24A63952009EA72D /* Preview Assets.xcassets */ = {isa = PBXFileReference; lastKnownFileType = folder.assetcatalog; path = "Preview Assets.xcassets"; sourceTree = "<group>"; };
		AE59C41D24A63952009EA72D /* Base */ = {isa = PBXFileReference; lastKnownFileType = file.storyboard; name = Base; path = Base.lproj/LaunchScreen.storyboard; sourceTree = "<group>"; };
		AE59C41F24A63952009EA72D /* Info.plist */ = {isa = PBXFileReference; lastKnownFileType = text.plist.xml; path = Info.plist; sourceTree = "<group>"; };
/* End PBXFileReference section */

/* Begin PBXFrameworksBuildPhase section */
		AE59C40B24A6394D009EA72D /* Frameworks */ = {
			isa = PBXFrameworksBuildPhase;
			buildActionMask = 2147483647;
			files = (
			);
			runOnlyForDeploymentPostprocessing = 0;
		};
/* End PBXFrameworksBuildPhase section */

/* Begin PBXGroup section */
		AE59C40524A6394D009EA72D = {
			isa = PBXGroup;
			children = (
				AE59C41024A6394D009EA72D /* SleepKitProto */,
				AE59C40F24A6394D009EA72D /* Products */,
			);
			sourceTree = "<group>";
		};
		AE59C40F24A6394D009EA72D /* Products */ = {
			isa = PBXGroup;
			children = (
				AE59C40E24A6394D009EA72D /* SleepKitProto.app */,
			);
			name = Products;
			sourceTree = "<group>";
		};
		AE59C41024A6394D009EA72D /* SleepKitProto */ = {
			isa = PBXGroup;
			children = (
				AE59C41124A6394D009EA72D /* AppDelegate.swift */,
				AE59C41324A6394D009EA72D /* SceneDelegate.swift */,
				AE59C41524A6394D009EA72D /* ContentView.swift */,
				AE59C41724A63952009EA72D /* Assets.xcassets */,
				AE59C41C24A63952009EA72D /* LaunchScreen.storyboard */,
				AE59C41F24A63952009EA72D /* Info.plist */,
				AE59C41924A63952009EA72D /* Preview Content */,
			);
			path = SleepKitProto;
			sourceTree = "<group>";
		};
		AE59C41924A63952009EA72D /* Preview Content */ = {
			isa = PBXGroup;
			children = (
				AE59C41A24A63952009EA72D /* Preview Assets.xcassets */,
			);
			path = "Preview Content";
			sourceTree = "<group>";
		};
/* End PBXGroup section */

/* Begin PBXNativeTarget section */
		AE59C40D24A6394D009EA72D /* SleepKitProto */ = {
			isa = PBXNativeTarget;
			buildConfigurationList = AE59C42224A63952009EA72D /* Build configuration list for PBXNativeTarget "SleepKitProto" */;
			buildPhases = (
				AE59C40A24A6394D009EA72D /* Sources */,
				AE59C40B24A6394D009EA72D /* Frameworks */,
				AE59C40C24A6394D009EA72D /* Resources */,
			);
			buildRules = (
			);
			dependencies = (
			);
			name = SleepKitProto;
			productName = SleepKitProto;
			productReference = AE59C40E24A6394D009EA72D /* SleepKitProto.app */;
			productType = "com.apple.product-type.application";
		};
/* End PBXNativeTarget section */

/* Begin PBXProject section */
		AE59C40624A6394D009EA72D /* Project object */ = {
			isa = PBXProject;
			attributes = {
				LastSwiftUpdateCheck = 1150;
				LastUpgradeCheck = 1150;
				ORGANIZATIONNAME = "현";
				TargetAttributes = {
					AE59C40D24A6394D009EA72D = {
						CreatedOnToolsVersion = 11.5;
					};
				};
			};
			buildConfigurationList = AE59C40924A6394D009EA72D /* Build configuration list for PBXProject "SleepKitProto" */;
			compatibilityVersion = "Xcode 9.3";
			developmentRegion = en;
			hasScannedForEncodings = 0;
			knownRegions = (
				en,
				Base,
			);
			mainGroup = AE59C40524A6394D009EA72D;
			productRefGroup = AE59C40F24A6394D009EA72D /* Products */;
			projectDirPath = "";
			projectRoot = "";
			targets = (
				AE59C40D24A6394D009EA72D /* SleepKitProto */,
			);
		};
/* End PBXProject section */

/* Begin PBXResourcesBuildPhase section */
		AE59C40C24A6394D009EA72D /* Resources */ = {
			isa = PBXResourcesBuildPhase;
			buildActionMask = 2147483647;
			files = (
				AE59C41E24A63952009EA72D /* LaunchScreen.storyboard in Resources */,
				AE59C41B24A63952009EA72D /* Preview Assets.xcassets in Resources */,
				AE59C41824A63952009EA72D /* Assets.xcassets in Resources */,
			);
			runOnlyForDeploymentPostprocessing = 0;
		};
/* End PBXResourcesBuildPhase section */

/* Begin PBXSourcesBuildPhase section */
		AE59C40A24A6394D009EA72D /* Sources */ = {
			isa = PBXSourcesBuildPhase;
			buildActionMask = 2147483647;
			files = (
				AE59C41224A6394D009EA72D /* AppDelegate.swift in Sources */,
				AE59C41424A6394D009EA72D /* SceneDelegate.swift in Sources */,
				AE59C41624A6394D009EA72D /* ContentView.swift in Sources */,
			);
			runOnlyForDeploymentPostprocessing = 0;
		};
/* End PBXSourcesBuildPhase section */

/* Begin PBXVariantGroup section */
		AE59C41C24A63952009EA72D /* LaunchScreen.storyboard */ = {
			isa = PBXVariantGroup;
			children = (
				AE59C41D24A63952009EA72D /* Base */,
			);
			name = LaunchScreen.storyboard;
			sourceTree = "<group>";
		};
/* End PBXVariantGroup section */

/* Begin XCBuildConfiguration section */
		AE59C42024A63952009EA72D /* Debug */ = {
			isa = XCBuildConfiguration;
			buildSettings = {
				ALWAYS_SEARCH_USER_PATHS = NO;
				CLANG_ANALYZER_NONNULL = YES;
				CLANG_ANALYZER_NUMBER_OBJECT_CONVERSION = YES_AGGRESSIVE;
				CLANG_CXX_LANGUAGE_STANDARD = "gnu++14";
				CLANG_CXX_LIBRARY = "libc++";
				CLANG_ENABLE_MODULES = YES;
				CLANG_ENABLE_OBJC_ARC = YES;
				CLANG_ENABLE_OBJC_WEAK = YES;
				CLANG_WARN_BLOCK_CAPTURE_AUTORELEASING = YES;
				CLANG_WARN_BOOL_CONVERSION = YES;
				CLANG_WARN_COMMA = YES;
				CLANG_WARN_CONSTANT_CONVERSION = YES;
				CLANG_WARN_DEPRECATED_OBJC_IMPLEMENTATIONS = YES;
				CLANG_WARN_DIRECT_OBJC_ISA_USAGE = YES_ERROR;
				CLANG_WARN_DOCUMENTATION_COMMENTS = YES;
				CLANG_WARN_EMPTY_BODY = YES;
				CLANG_WARN_ENUM_CONVERSION = YES;
				CLANG_WARN_INFINITE_RECURSION = YES;
				CLANG_WARN_INT_CONVERSION = YES;
				CLANG_WARN_NON_LITERAL_NULL_CONVERSION = YES;
				CLANG_WARN_OBJC_IMPLICIT_RETAIN_SELF = YES;
				CLANG_WARN_OBJC_LITERAL_CONVERSION = YES;
				CLANG_WARN_OBJC_ROOT_CLASS = YES_ERROR;
				CLANG_WARN_RANGE_LOOP_ANALYSIS = YES;
				CLANG_WARN_STRICT_PROTOTYPES = YES;
				CLANG_WARN_SUSPICIOUS_MOVE = YES;
				CLANG_WARN_UNGUARDED_AVAILABILITY = YES_AGGRESSIVE;
				CLANG_WARN_UNREACHABLE_CODE = YES;
				CLANG_WARN__DUPLICATE_METHOD_MATCH = YES;
				COPY_PHASE_STRIP = NO;
				DEBUG_INFORMATION_FORMAT = dwarf;
				ENABLE_STRICT_OBJC_MSGSEND = YES;
				ENABLE_TESTABILITY = YES;
				GCC_C_LANGUAGE_STANDARD = gnu11;
				GCC_DYNAMIC_NO_PIC = NO;
				GCC_NO_COMMON_BLOCKS = YES;
				GCC_OPTIMIZATION_LEVEL = 0;
				GCC_PREPROCESSOR_DEFINITIONS = (
					"DEBUG=1",
					"$(inherited)",
				);
				GCC_WARN_64_TO_32_BIT_CONVERSION = YES;
				GCC_WARN_ABOUT_RETURN_TYPE = YES_ERROR;
				GCC_WARN_UNDECLARED_SELECTOR = YES;
				GCC_WARN_UNINITIALIZED_AUTOS = YES_AGGRESSIVE;
				GCC_WARN_UNUSED_FUNCTION = YES;
				GCC_WARN_UNUSED_VARIABLE = YES;
				IPHONEOS_DEPLOYMENT_TARGET = 13.5;
				MTL_ENABLE_DEBUG_INFO = INCLUDE_SOURCE;
				MTL_FAST_MATH = YES;
				ONLY_ACTIVE_ARCH = YES;
				SDKROOT = iphoneos;
				SWIFT_ACTIVE_COMPILATION_CONDITIONS = DEBUG;
				SWIFT_OPTIMIZATION_LEVEL = "-Onone";
			};
			name = Debug;
		};
		AE59C42124A63952009EA72D /* Release */ = {
			isa = XCBuildConfiguration;
			buildSettings = {
				ALWAYS_SEARCH_USER_PATHS = NO;
				CLANG_ANALYZER_NONNULL = YES;
				CLANG_ANALYZER_NUMBER_OBJECT_CONVERSION = YES_AGGRESSIVE;
				CLANG_CXX_LANGUAGE_STANDARD = "gnu++14";
				CLANG_CXX_LIBRARY = "libc++";
				CLANG_ENABLE_MODULES = YES;
				CLANG_ENABLE_OBJC_ARC = YES;
				CLANG_ENABLE_OBJC_WEAK = YES;
				CLANG_WARN_BLOCK_CAPTURE_AUTORELEASING = YES;
				CLANG_WARN_BOOL_CONVERSION = YES;
				CLANG_WARN_COMMA = YES;
				CLANG_WARN_CONSTANT_CONVERSION = YES;
				CLANG_WARN_DEPRECATED_OBJC_IMPLEMENTATIONS = YES;
				CLANG_WARN_DIRECT_OBJC_ISA_USAGE = YES_ERROR;
				CLANG_WARN_DOCUMENTATION_COMMENTS = YES;
				CLANG_WARN_EMPTY_BODY = YES;
				CLANG_WARN_ENUM_CONVERSION = YES;
				CLANG_WARN_INFINITE_RECURSION = YES;
				CLANG_WARN_INT_CONVERSION = YES;
				CLANG_WARN_NON_LITERAL_NULL_CONVERSION = YES;
				CLANG_WARN_OBJC_IMPLICIT_RETAIN_SELF = YES;
				CLANG_WARN_OBJC_LITERAL_CONVERSION = YES;
				CLANG_WARN_OBJC_ROOT_CLASS = YES_ERROR;
				CLANG_WARN_RANGE_LOOP_ANALYSIS = YES;
				CLANG_WARN_STRICT_PROTOTYPES = YES;
				CLANG_WARN_SUSPICIOUS_MOVE = YES;
				CLANG_WARN_UNGUARDED_AVAILABILITY = YES_AGGRESSIVE;
				CLANG_WARN_UNREACHABLE_CODE = YES;
				CLANG_WARN__DUPLICATE_METHOD_MATCH = YES;
				COPY_PHASE_STRIP = NO;
				DEBUG_INFORMATION_FORMAT = "dwarf-with-dsym";
				ENABLE_NS_ASSERTIONS = NO;
				ENABLE_STRICT_OBJC_MSGSEND = YES;
				GCC_C_LANGUAGE_STANDARD = gnu11;
				GCC_NO_COMMON_BLOCKS = YES;
				GCC_WARN_64_TO_32_BIT_CONVERSION = YES;
				GCC_WARN_ABOUT_RETURN_TYPE = YES_ERROR;
				GCC_WARN_UNDECLARED_SELECTOR = YES;
				GCC_WARN_UNINITIALIZED_AUTOS = YES_AGGRESSIVE;
				GCC_WARN_UNUSED_FUNCTION = YES;
				GCC_WARN_UNUSED_VARIABLE = YES;
				IPHONEOS_DEPLOYMENT_TARGET = 13.5;
				MTL_ENABLE_DEBUG_INFO = NO;
				MTL_FAST_MATH = YES;
				SDKROOT = iphoneos;
				SWIFT_COMPILATION_MODE = wholemodule;
				SWIFT_OPTIMIZATION_LEVEL = "-O";
				VALIDATE_PRODUCT = YES;
			};
			name = Release;
		};
		AE59C42324A63952009EA72D /* Debug */ = {
			isa = XCBuildConfiguration;
			buildSettings = {
				ASSETCATALOG_COMPILER_APPICON_NAME = AppIcon;
				CODE_SIGN_STYLE = Automatic;
				DEVELOPMENT_ASSET_PATHS = "\"SleepKitProto/Preview Content\"";
				DEVELOPMENT_TEAM = BV38S42F98;
				ENABLE_PREVIEWS = YES;
				INFOPLIST_FILE = SleepKitProto/Info.plist;
				LD_RUNPATH_SEARCH_PATHS = (
					"$(inherited)",
					"@executable_path/Frameworks",
				);
				PRODUCT_BUNDLE_IDENTIFIER = DevUC.SleepKitProto;
				PRODUCT_NAME = "$(TARGET_NAME)";
				SWIFT_VERSION = 5.0;
				TARGETED_DEVICE_FAMILY = "1,2";
			};
			name = Debug;
		};
		AE59C42424A63952009EA72D /* Release */ = {
			isa = XCBuildConfiguration;
			buildSettings = {
				ASSETCATALOG_COMPILER_APPICON_NAME = AppIcon;
				CODE_SIGN_STYLE = Automatic;
				DEVELOPMENT_ASSET_PATHS = "\"SleepKitProto/Preview Content\"";
				DEVELOPMENT_TEAM = BV38S42F98;
				ENABLE_PREVIEWS = YES;
				INFOPLIST_FILE = SleepKitProto/Info.plist;
				LD_RUNPATH_SEARCH_PATHS = (
					"$(inherited)",
					"@executable_path/Frameworks",
				);
				PRODUCT_BUNDLE_IDENTIFIER = DevUC.SleepKitProto;
				PRODUCT_NAME = "$(TARGET_NAME)";
				SWIFT_VERSION = 5.0;
				TARGETED_DEVICE_FAMILY = "1,2";
			};
			name = Release;
		};
/* End XCBuildConfiguration section */

/* Begin XCConfigurationList section */
		AE59C40924A6394D009EA72D /* Build configuration list for PBXProject "SleepKitProto" */ = {
			isa = XCConfigurationList;
			buildConfigurations = (
				AE59C42024A63952009EA72D /* Debug */,
				AE59C42124A63952009EA72D /* Release */,
			);
			defaultConfigurationIsVisible = 0;
			defaultConfigurationName = Release;
		};
		AE59C42224A63952009EA72D /* Build configuration list for PBXNativeTarget "SleepKitProto" */ = {
			isa = XCConfigurationList;
			buildConfigurations = (
				AE59C42324A63952009EA72D /* Debug */,
				AE59C42424A63952009EA72D /* Release */,
			);
			defaultConfigurationIsVisible = 0;
			defaultConfigurationName = Release;
		};
/* End XCConfigurationList section */
	};
	rootObject = AE59C40624A6394D009EA72D /* Project object */;
}
